{
  "nodes": {
    "nixpkgs": {
      "locked": {
        "lastModified": 1720687749,
        "narHash": "sha256-nqJ+iK/zyqCJ/YShqCpZ2cJKE1UtjZIEUWLUFZqvxcA=",
        "owner": "NixOS",
        "repo": "nixpkgs",
        "rev": "6af55cb91ca2005516b9562f707bb99c8f79bf77",
        "type": "github"
      },
      "original": {
        "owner": "NixOS",
        "ref": "nixpkgs-unstable",
        "repo": "nixpkgs",
        "type": "github"
      }
    },
    "nixpkgs-open61541-1-3-10": {
      "locked": {
        "lastModified": 1716358718,
        "narHash": "sha256-NQbegJb2ZZnAqp2EJhWwTf6DrZXSpA6xZCEq+RGV1r0=",
        "owner": "NixOS",
        "repo": "nixpkgs",
        "rev": "3f316d2a50699a78afe5e77ca486ad553169061e",
        "type": "github"
      },
      "original": {
        "owner": "NixOS",
        "repo": "nixpkgs",
        "rev": "3f316d2a50699a78afe5e77ca486ad553169061e",
        "type": "github"
      }
    },
    "root": {
      "inputs": {
        "nixpkgs": "nixpkgs",
        "nixpkgs-open61541-1-3-10": "nixpkgs-open61541-1-3-10"
      }
    }
  },
  "root": "root",
  "version": 7
}
